<?xml version="1.0" encoding="utf-8"?>
<Project ToolsVersion="4.0" xmlns="http://schemas.microsoft.com/developer/msbuild/2003">
  <ItemGroup>
    <Filter Include="src">
      <UniqueIdentifier>{66c14bcb-b6f7-433f-86cc-fce14d2fda10}</UniqueIdentifier>
    </Filter>
    <Filter Include="inc">
      <UniqueIdentifier>{b0aee151-e9c5-467f-8339-bdc7a8e7830b}</UniqueIdentifier>
    </Filter>
    <Filter Include="lib">
      <UniqueIdentifier>{6c296b19-5b66-422e-838e-df756f3d36d2}</UniqueIdentifier>
    </Filter>
  </ItemGroup>
  <ItemGroup>
    <ClInclude Include="inc\enums.h">
      <Filter>inc</Filter>
    </ClInclude>
    <ClInclude Include="inc\main.h">
      <Filter>inc</Filter>
    </ClInclude>
    <ClInclude Include="inc\nativeCaller.h">
      <Filter>inc</Filter>
    </ClInclude>
    <ClInclude Include="inc\natives.h">
      <Filter>inc</Filter>
    </ClInclude>
    <ClInclude Include="inc\types.h">
      <Filter>inc</Filter>
    </ClInclude>
    <ClInclude Include="src\main.h">
      <Filter>src</Filter>
    </ClInclude>
  </ItemGroup>
  <ItemGroup>
    <ClCompile Include="src\main.cpp">
      <Filter>src</Filter>
    </ClCompile>
    <ClCompile Include="src\run.cpp">
      <Filter>src</Filter>
    </ClCompile>
  </ItemGroup>
  <ItemGroup>
    <Library Include="lib\ScriptHookV.lib">
      <Filter>lib</Filter>
    </Library>
  </ItemGroup>
</Project>